// !$*UTF8*$!
{
	archiveVersion = 1;
	classes = {
	};
	objectVersion = 46;
	objects = {

/* Begin PBXBuildFile section */
		A9385C8E1BF9DEAE00BB4738 /* AppDelegate.swift in Sources */ = {isa = PBXBuildFile; fileRef = A9385C8D1BF9DEAE00BB4738 /* AppDelegate.swift */; };
		A9385C901BF9DEAE00BB4738 /* ViewController.swift in Sources */ = {isa = PBXBuildFile; fileRef = A9385C8F1BF9DEAE00BB4738 /* ViewController.swift */; };
		A9385C931BF9DEAE00BB4738 /* Main.storyboard in Resources */ = {isa = PBXBuildFile; fileRef = A9385C911BF9DEAE00BB4738 /* Main.storyboard */; };
		A9385C951BF9DEAE00BB4738 /* Assets.xcassets in Resources */ = {isa = PBXBuildFile; fileRef = A9385C941BF9DEAE00BB4738 /* Assets.xcassets */; };
		A9385C981BF9DEAE00BB4738 /* LaunchScreen.storyboard in Resources */ = {isa = PBXBuildFile; fileRef = A9385C961BF9DEAE00BB4738 /* LaunchScreen.storyboard */; };
		A98DAF131BF9FFDC000FF76B /* CoreLocation.framework in Frameworks */ = {isa = PBXBuildFile; fileRef = A98DAF121BF9FFDC000FF76B /* CoreLocation.framework */; };
/* End PBXBuildFile section */

/* Begin PBXFileReference section */
		A9385C8A1BF9DEAE00BB4738 /* Map-iOS.app */ = {isa = PBXFileReference; explicitFileType = wrapper.application; includeInIndex = 0; path = "Map-iOS.app"; sourceTree = BUILT_PRODUCTS_DIR; };
		A9385C8D1BF9DEAE00BB4738 /* AppDelegate.swift */ = {isa = PBXFileReference; lastKnownFileType = sourcecode.swift; path = AppDelegate.swift; sourceTree = "<group>"; };
		A9385C8F1BF9DEAE00BB4738 /* ViewController.swift */ = {isa = PBXFileReference; lastKnownFileType = sourcecode.swift; path = ViewController.swift; sourceTree = "<group>"; };
		A9385C921BF9DEAE00BB4738 /* Base */ = {isa = PBXFileReference; lastKnownFileType = file.storyboard; name = Base; path = Base.lproj/Main.storyboard; sourceTree = "<group>"; };
		A9385C941BF9DEAE00BB4738 /* Assets.xcassets */ = {isa = PBXFileReference; lastKnownFileType = folder.assetcatalog; path = Assets.xcassets; sourceTree = "<group>"; };
		A9385C971BF9DEAE00BB4738 /* Base */ = {isa = PBXFileReference; lastKnownFileType = file.storyboard; name = Base; path = Base.lproj/LaunchScreen.storyboard; sourceTree = "<group>"; };
		A9385C991BF9DEAE00BB4738 /* Info.plist */ = {isa = PBXFileReference; lastKnownFileType = text.plist.xml; path = Info.plist; sourceTree = "<group>"; };
		A98DAF121BF9FFDC000FF76B /* CoreLocation.framework */ = {isa = PBXFileReference; lastKnownFileType = wrapper.framework; name = CoreLocation.framework; path = System/Library/Frameworks/CoreLocation.framework; sourceTree = SDKROOT; };
/* End PBXFileReference section */

/* Begin PBXFrameworksBuildPhase section */
		A9385C871BF9DEAE00BB4738 /* Frameworks */ = {
			isa = PBXFrameworksBuildPhase;
			buildActionMask = 2147483647;
			files = (
				A98DAF131BF9FFDC000FF76B /* CoreLocation.framework in Frameworks */,
			);
			runOnlyForDeploymentPostprocessing = 0;
		};
/* End PBXFrameworksBuildPhase section */

/* Begin PBXGroup section */
		A9385C811BF9DEAE00BB4738 = {
			isa = PBXGroup;
			children = (
				A98DAF121BF9FFDC000FF76B /* CoreLocation.framework */,
				A9385C8C1BF9DEAE00BB4738 /* Map-iOS */,
				A9385C8B1BF9DEAE00BB4738 /* Products */,
			);
			sourceTree = "<group>";
		};
		A9385C8B1BF9DEAE00BB4738 /* Products */ = {
			isa = PBXGroup;
			children = (
				A9385C8A1BF9DEAE00BB4738 /* Map-iOS.app */,
			);
			name = Products;
			sourceTree = "<group>";
		};
		A9385C8C1BF9DEAE00BB4738 /* Map-iOS */ = {
			isa = PBXGroup;
			children = (
				A9385C8D1BF9DEAE00BB4738 /* AppDelegate.swift */,
				A9385C8F1BF9DEAE00BB4738 /* ViewController.swift */,
				A9385C911BF9DEAE00BB4738 /* Main.storyboard */,
				A9385C941BF9DEAE00BB4738 /* Assets.xcassets */,
				A9385C961BF9DEAE00BB4738 /* LaunchScreen.storyboard */,
				A9385C991BF9DEAE00BB4738 /* Info.plist */,
			);
			path = "Map-iOS";
			sourceTree = "<group>";
		};
/* End PBXGroup section */

/* Begin PBXNativeTarget section */
		A9385C891BF9DEAE00BB4738 /* Map-iOS */ = {
			isa = PBXNativeTarget;
			buildConfigurationList = A9385C9C1BF9DEAE00BB4738 /* Build configuration list for PBXNativeTarget "Map-iOS" */;
			buildPhases = (
				A9385C861BF9DEAE00BB4738 /* Sources */,
				A9385C871BF9DEAE00BB4738 /* Frameworks */,
				A9385C881BF9DEAE00BB4738 /* Resources */,
			);
			buildRules = (
			);
			dependencies = (
			);
			name = "Map-iOS";
			productName = "Map-iOS";
			productReference = A9385C8A1BF9DEAE00BB4738 /* Map-iOS.app */;
			productType = "com.apple.product-type.application";
		};
/* End PBXNativeTarget section */

/* Begin PBXProject section */
		A9385C821BF9DEAE00BB4738 /* Project object */ = {
			isa = PBXProject;
			attributes = {
				LastSwiftUpdateCheck = 0710;
				LastUpgradeCheck = 0710;
				ORGANIZATIONNAME = AleFernandez;
				TargetAttributes = {
					A9385C891BF9DEAE00BB4738 = {
						CreatedOnToolsVersion = 7.1.1;
					};
				};
			};
			buildConfigurationList = A9385C851BF9DEAE00BB4738 /* Build configuration list for PBXProject "Map-iOS" */;
			compatibilityVersion = "Xcode 3.2";
			developmentRegion = English;
			hasScannedForEncodings = 0;
			knownRegions = (
				en,
				Base,
			);
			mainGroup = A9385C811BF9DEAE00BB4738;
			productRefGroup = A9385C8B1BF9DEAE00BB4738 /* Products */;
			projectDirPath = "";
			projectRoot = "";
			targets = (
				A9385C891BF9DEAE00BB4738 /* Map-iOS */,
			);
		};
/* End PBXProject section */

/* Begin PBXResourcesBuildPhase section */
		A9385C881BF9DEAE00BB4738 /* Resources */ = {
			isa = PBXResourcesBuildPhase;
			buildActionMask = 2147483647;
			files = (
				A9385C981BF9DEAE00BB4738 /* LaunchScreen.storyboard in Resources */,
				A9385C951BF9DEAE00BB4738 /* Assets.xcassets in Resources */,
				A9385C931BF9DEAE00BB4738 /* Main.storyboard in Resources */,
			);
			runOnlyForDeploymentPostprocessing = 0;
		};
/* End PBXResourcesBuildPhase section */

/* Begin PBXSourcesBuildPhase section */
		A9385C861BF9DEAE00BB4738 /* Sources */ = {
			isa = PBXSourcesBuildPhase;
			buildActionMask = 2147483647;
			files = (
				A9385C901BF9DEAE00BB4738 /* ViewController.swift in Sources */,
				A9385C8E1BF9DEAE00BB4738 /* AppDelegate.swift in Sources */,
			);
			runOnlyForDeploymentPostprocessing = 0;
		};
/* End PBXSourcesBuildPhase section */

/* Begin PBXVariantGroup section */
		A9385C911BF9DEAE00BB4738 /* Main.storyboard */ = {
			isa = PBXVariantGroup;
			children = (
				A9385C921BF9DEAE00BB4738 /* Base */,
			);
			name = Main.storyboard;
			sourceTree = "<group>";
		};
		A9385C961BF9DEAE00BB4738 /* LaunchScreen.storyboard */ = {
			isa = PBXVariantGroup;
			children = (
				A9385C971BF9DEAE00BB4738 /* Base */,
			);
			name = LaunchScreen.storyboard;
			sourceTree = "<group>";
		};
/* End PBXVariantGroup section */

/* Begin XCBuildConfiguration section */
		A9385C9A1BF9DEAE00BB4738 /* Debug */ = {
			isa = XCBuildConfiguration;
			buildSettings = {
				ALWAYS_SEARCH_USER_PATHS = NO;
				CLANG_CXX_LANGUAGE_STANDARD = "gnu++0x";
				CLANG_CXX_LIBRARY = "libc++";
				CLANG_ENABLE_MODULES = YES;
				CLANG_ENABLE_OBJC_ARC = YES;
				CLANG_WARN_BOOL_CONVERSION = YES;
				CLANG_WARN_CONSTANT_CONVERSION = YES;
				CLANG_WARN_DIRECT_OBJC_ISA_USAGE = YES_ERROR;
				CLANG_WARN_EMPTY_BODY = YES;
				CLANG_WARN_ENUM_CONVERSION = YES;
				CLANG_WARN_INT_CONVERSION = YES;
				CLANG_WARN_OBJC_ROOT_CLASS = YES_ERROR;
				CLANG_WARN_UNREACHABLE_CODE = YES;
				CLANG_WARN__DUPLICATE_METHOD_MATCH = YES;
				"CODE_SIGN_IDENTITY[sdk=iphoneos*]" = "iPhone Developer";
				COPY_PHASE_STRIP = NO;
				DEBUG_INFORMATION_FORMAT = dwarf;
				ENABLE_STRICT_OBJC_MSGSEND = YES;
				ENABLE_TESTABILITY = YES;
				GCC_C_LANGUAGE_STANDARD = gnu99;
				GCC_DYNAMIC_NO_PIC = NO;
				GCC_NO_COMMON_BLOCKS = YES;
				GCC_OPTIMIZATION_LEVEL = 0;
				GCC_PREPROCESSOR_DEFINITIONS = (
					"DEBUG=1",
					"$(inherited)",
				);
				GCC_WARN_64_TO_32_BIT_CONVERSION = YES;
				GCC_WARN_ABOUT_RETURN_TYPE = YES_ERROR;
				GCC_WARN_UNDECLARED_SELECTOR = YES;
				GCC_WARN_UNINITIALIZED_AUTOS = YES_AGGRESSIVE;
				GCC_WARN_UNUSED_FUNCTION = YES;
				GCC_WARN_UNUSED_VARIABLE = YES;
				IPHONEOS_DEPLOYMENT_TARGET = 9.1;
				MTL_ENABLE_DEBUG_INFO = YES;
				ONLY_ACTIVE_ARCH = YES;
				SDKROOT = iphoneos;
				SWIFT_OPTIMIZATION_LEVEL = "-Onone";
			};
			name = Debug;
		};
		A9385C9B1BF9DEAE00BB4738 /* Release */ = {
			isa = XCBuildConfiguration;
			buildSettings = {
				ALWAYS_SEARCH_USER_PATHS = NO;
				CLANG_CXX_LANGUAGE_STANDARD = "gnu++0x";
				CLANG_CXX_LIBRARY = "libc++";
				CLANG_ENABLE_MODULES = YES;
				CLANG_ENABLE_OBJC_ARC = YES;
				CLANG_WARN_BOOL_CONVERSION = YES;
				CLANG_WARN_CONSTANT_CONVERSION = YES;
				CLANG_WARN_DIRECT_OBJC_ISA_USAGE = YES_ERROR;
				CLANG_WARN_EMPTY_BODY = YES;
				CLANG_WARN_ENUM_CONVERSION = YES;
				CLANG_WARN_INT_CONVERSION = YES;
				CLANG_WARN_OBJC_ROOT_CLASS = YES_ERROR;
				CLANG_WARN_UNREACHABLE_CODE = YES;
				CLANG_WARN__DUPLICATE_METHOD_MATCH = YES;
				"CODE_SIGN_IDENTITY[sdk=iphoneos*]" = "iPhone Developer";
				COPY_PHASE_STRIP = NO;
				DEBUG_INFORMATION_FORMAT = "dwarf-with-dsym";
				ENABLE_NS_ASSERTIONS = NO;
				ENABLE_STRICT_OBJC_MSGSEND = YES;
				GCC_C_LANGUAGE_STANDARD = gnu99;
				GCC_NO_COMMON_BLOCKS = YES;
				GCC_WARN_64_TO_32_BIT_CONVERSION = YES;
				GCC_WARN_ABOUT_RETURN_TYPE = YES_ERROR;
				GCC_WARN_UNDECLARED_SELECTOR = YES;
				GCC_WARN_UNINITIALIZED_AUTOS = YES_AGGRESSIVE;
				GCC_WARN_UNUSED_FUNCTION = YES;
				GCC_WARN_UNUSED_VARIABLE = YES;
				IPHONEOS_DEPLOYMENT_TARGET = 9.1;
				MTL_ENABLE_DEBUG_INFO = NO;
				SDKROOT = iphoneos;
				VALIDATE_PRODUCT = YES;
			};
			name = Release;
		};
		A9385C9D1BF9DEAE00BB4738 /* Debug */ = {
			isa = XCBuildConfiguration;
			buildSettings = {
				ASSETCATALOG_COMPILER_APPICON_NAME = AppIcon;
				INFOPLIST_FILE = "Map-iOS/Info.plist";
				LD_RUNPATH_SEARCH_PATHS = "$(inherited) @executable_path/Frameworks";
				PRODUCT_BUNDLE_IDENTIFIER = "com.alefernandez.Map-iOS";
				PRODUCT_NAME = "$(TARGET_NAME)";
			};
			name = Debug;
		};
		A9385C9E1BF9DEAE00BB4738 /* Release */ = {
			isa = XCBuildConfiguration;
			buildSettings = {
				ASSETCATALOG_COMPILER_APPICON_NAME = AppIcon;
				INFOPLIST_FILE = "Map-iOS/Info.plist";
				LD_RUNPATH_SEARCH_PATHS = "$(inherited) @executable_path/Frameworks";
				PRODUCT_BUNDLE_IDENTIFIER = "com.alefernandez.Map-iOS";
				PRODUCT_NAME = "$(TARGET_NAME)";
			};
			name = Release;
		};
/* End XCBuildConfiguration section */

/* Begin XCConfigurationList section */
		A9385C851BF9DEAE00BB4738 /* Build configuration list for PBXProject "Map-iOS" */ = {
			isa = XCConfigurationList;
			buildConfigurations = (
				A9385C9A1BF9DEAE00BB4738 /* Debug */,
				A9385C9B1BF9DEAE00BB4738 /* Release */,
			);
			defaultConfigurationIsVisible = 0;
			defaultConfigurationName = Release;
		};
		A9385C9C1BF9DEAE00BB4738 /* Build configuration list for PBXNativeTarget "Map-iOS" */ = {
			isa = XCConfigurationList;
			buildConfigurations = (
				A9385C9D1BF9DEAE00BB4738 /* Debug */,
				A9385C9E1BF9DEAE00BB4738 /* Release */,
			);
			defaultConfigurationIsVisible = 0;
			defaultConfigurationName = Release;
		};
/* End XCConfigurationList section */
	};
	rootObject = A9385C821BF9DEAE00BB4738 /* Project object */;
}
